// !$*UTF8*$!
{
	archiveVersion = 1;
	classes = {
	};
	objectVersion = 46;
	objects = {

/* Begin PBXBuildFile section */
		10A906321D4EDFBC00D13ED9 /* main.m in Sources */ = {isa = PBXBuildFile; fileRef = 10A906311D4EDFBC00D13ED9 /* main.m */; };
		10A9063B1D4EDFBC00D13ED9 /* Main.storyboard in Resources */ = {isa = PBXBuildFile; fileRef = 10A906391D4EDFBC00D13ED9 /* Main.storyboard */; };
		10A9063D1D4EDFBC00D13ED9 /* Assets.xcassets in Resources */ = {isa = PBXBuildFile; fileRef = 10A9063C1D4EDFBC00D13ED9 /* Assets.xcassets */; };
		10A906401D4EDFBC00D13ED9 /* LaunchScreen.storyboard in Resources */ = {isa = PBXBuildFile; fileRef = 10A9063E1D4EDFBC00D13ED9 /* LaunchScreen.storyboard */; };
		10A9064F1D4EE0A900D13ED9 /* AppDelegate.m in Sources */ = {isa = PBXBuildFile; fileRef = 10A9064E1D4EE0A900D13ED9 /* AppDelegate.m */; };
		10A906551D4EE0F100D13ED9 /* WHTableViewController.m in Sources */ = {isa = PBXBuildFile; fileRef = 10A906541D4EE0F100D13ED9 /* WHTableViewController.m */; };
		10A906581D4EE19D00D13ED9 /* WHAppInfo.m in Sources */ = {isa = PBXBuildFile; fileRef = 10A906571D4EE19D00D13ED9 /* WHAppInfo.m */; };
		10A9068A1D4EE1B200D13ED9 /* AFHTTPSessionManager.m in Sources */ = {isa = PBXBuildFile; fileRef = 10A9065C1D4EE1B200D13ED9 /* AFHTTPSessionManager.m */; };
		10A9068B1D4EE1B200D13ED9 /* AFNetworkReachabilityManager.m in Sources */ = {isa = PBXBuildFile; fileRef = 10A9065F1D4EE1B200D13ED9 /* AFNetworkReachabilityManager.m */; };
		10A9068C1D4EE1B200D13ED9 /* AFSecurityPolicy.m in Sources */ = {isa = PBXBuildFile; fileRef = 10A906611D4EE1B200D13ED9 /* AFSecurityPolicy.m */; };
		10A9068D1D4EE1B200D13ED9 /* AFURLRequestSerialization.m in Sources */ = {isa = PBXBuildFile; fileRef = 10A906631D4EE1B200D13ED9 /* AFURLRequestSerialization.m */; };
		10A9068E1D4EE1B200D13ED9 /* AFURLResponseSerialization.m in Sources */ = {isa = PBXBuildFile; fileRef = 10A906651D4EE1B200D13ED9 /* AFURLResponseSerialization.m */; };
		10A9068F1D4EE1B200D13ED9 /* AFURLSessionManager.m in Sources */ = {isa = PBXBuildFile; fileRef = 10A906671D4EE1B200D13ED9 /* AFURLSessionManager.m */; };
		10A906901D4EE1B200D13ED9 /* MKAnnotationView+WebCache.m in Sources */ = {isa = PBXBuildFile; fileRef = 10A9066A1D4EE1B200D13ED9 /* MKAnnotationView+WebCache.m */; };
		10A906911D4EE1B200D13ED9 /* NSData+ImageContentType.m in Sources */ = {isa = PBXBuildFile; fileRef = 10A9066C1D4EE1B200D13ED9 /* NSData+ImageContentType.m */; };
		10A906921D4EE1B200D13ED9 /* SDImageCache.m in Sources */ = {isa = PBXBuildFile; fileRef = 10A9066E1D4EE1B200D13ED9 /* SDImageCache.m */; };
		10A906931D4EE1B200D13ED9 /* SDWebImageCompat.m in Sources */ = {isa = PBXBuildFile; fileRef = 10A906701D4EE1B200D13ED9 /* SDWebImageCompat.m */; };
		10A906941D4EE1B200D13ED9 /* SDWebImageDecoder.m in Sources */ = {isa = PBXBuildFile; fileRef = 10A906721D4EE1B200D13ED9 /* SDWebImageDecoder.m */; };
		10A906951D4EE1B200D13ED9 /* SDWebImageDownloader.m in Sources */ = {isa = PBXBuildFile; fileRef = 10A906741D4EE1B200D13ED9 /* SDWebImageDownloader.m */; };
		10A906961D4EE1B200D13ED9 /* SDWebImageDownloaderOperation.m in Sources */ = {isa = PBXBuildFile; fileRef = 10A906761D4EE1B200D13ED9 /* SDWebImageDownloaderOperation.m */; };
		10A906971D4EE1B200D13ED9 /* SDWebImageManager.m in Sources */ = {isa = PBXBuildFile; fileRef = 10A906781D4EE1B200D13ED9 /* SDWebImageManager.m */; };
		10A906981D4EE1B200D13ED9 /* SDWebImagePrefetcher.m in Sources */ = {isa = PBXBuildFile; fileRef = 10A9067B1D4EE1B200D13ED9 /* SDWebImagePrefetcher.m */; };
		10A906991D4EE1B200D13ED9 /* UIButton+WebCache.m in Sources */ = {isa = PBXBuildFile; fileRef = 10A9067D1D4EE1B200D13ED9 /* UIButton+WebCache.m */; };
		10A9069A1D4EE1B200D13ED9 /* UIImage+GIF.m in Sources */ = {isa = PBXBuildFile; fileRef = 10A9067F1D4EE1B200D13ED9 /* UIImage+GIF.m */; };
		10A9069B1D4EE1B200D13ED9 /* UIImage+MultiFormat.m in Sources */ = {isa = PBXBuildFile; fileRef = 10A906811D4EE1B200D13ED9 /* UIImage+MultiFormat.m */; };
		10A9069C1D4EE1B200D13ED9 /* UIImage+WebP.m in Sources */ = {isa = PBXBuildFile; fileRef = 10A906831D4EE1B200D13ED9 /* UIImage+WebP.m */; };
		10A9069D1D4EE1B200D13ED9 /* UIImageView+HighlightedWebCache.m in Sources */ = {isa = PBXBuildFile; fileRef = 10A906851D4EE1B200D13ED9 /* UIImageView+HighlightedWebCache.m */; };
		10A9069E1D4EE1B200D13ED9 /* UIImageView+WebCache.m in Sources */ = {isa = PBXBuildFile; fileRef = 10A906871D4EE1B200D13ED9 /* UIImageView+WebCache.m */; };
		10A9069F1D4EE1B200D13ED9 /* UIView+WebCacheOperation.m in Sources */ = {isa = PBXBuildFile; fileRef = 10A906891D4EE1B200D13ED9 /* UIView+WebCacheOperation.m */; };
		10A906A21D4EE1F400D13ED9 /* WHTableViewCell.m in Sources */ = {isa = PBXBuildFile; fileRef = 10A906A11D4EE1F400D13ED9 /* WHTableViewCell.m */; };
		10A906A81D4F2D4400D13ED9 /* NSString+path.m in Sources */ = {isa = PBXBuildFile; fileRef = 10A906A71D4F2D4400D13ED9 /* NSString+path.m */; };
/* End PBXBuildFile section */

/* Begin PBXFileReference section */
		10A9062D1D4EDFBC00D13ED9 /* 异步下载网络图片.app */ = {isa = PBXFileReference; explicitFileType = wrapper.application; includeInIndex = 0; path = "异步下载网络图片.app"; sourceTree = BUILT_PRODUCTS_DIR; };
		10A906311D4EDFBC00D13ED9 /* main.m */ = {isa = PBXFileReference; lastKnownFileType = sourcecode.c.objc; path = main.m; sourceTree = "<group>"; };
		10A9063A1D4EDFBC00D13ED9 /* Base */ = {isa = PBXFileReference; lastKnownFileType = file.storyboard; name = Base; path = Base.lproj/Main.storyboard; sourceTree = "<group>"; };
		10A9063C1D4EDFBC00D13ED9 /* Assets.xcassets */ = {isa = PBXFileReference; lastKnownFileType = folder.assetcatalog; path = Assets.xcassets; sourceTree = "<group>"; };
		10A9063F1D4EDFBC00D13ED9 /* Base */ = {isa = PBXFileReference; lastKnownFileType = file.storyboard; name = Base; path = Base.lproj/LaunchScreen.storyboard; sourceTree = "<group>"; };
		10A906411D4EDFBD00D13ED9 /* Info.plist */ = {isa = PBXFileReference; lastKnownFileType = text.plist.xml; path = Info.plist; sourceTree = "<group>"; };
		10A9064D1D4EE0A900D13ED9 /* AppDelegate.h */ = {isa = PBXFileReference; fileEncoding = 4; lastKnownFileType = sourcecode.c.h; path = AppDelegate.h; sourceTree = "<group>"; };
		10A9064E1D4EE0A900D13ED9 /* AppDelegate.m */ = {isa = PBXFileReference; fileEncoding = 4; lastKnownFileType = sourcecode.c.objc; path = AppDelegate.m; sourceTree = "<group>"; };
		10A906531D4EE0F100D13ED9 /* WHTableViewController.h */ = {isa = PBXFileReference; fileEncoding = 4; lastKnownFileType = sourcecode.c.h; path = WHTableViewController.h; sourceTree = "<group>"; };
		10A906541D4EE0F100D13ED9 /* WHTableViewController.m */ = {isa = PBXFileReference; fileEncoding = 4; lastKnownFileType = sourcecode.c.objc; path = WHTableViewController.m; sourceTree = "<group>"; };
		10A906561D4EE19D00D13ED9 /* WHAppInfo.h */ = {isa = PBXFileReference; fileEncoding = 4; lastKnownFileType = sourcecode.c.h; path = WHAppInfo.h; sourceTree = "<group>"; };
		10A906571D4EE19D00D13ED9 /* WHAppInfo.m */ = {isa = PBXFileReference; fileEncoding = 4; lastKnownFileType = sourcecode.c.objc; path = WHAppInfo.m; sourceTree = "<group>"; };
		10A9065B1D4EE1B200D13ED9 /* AFHTTPSessionManager.h */ = {isa = PBXFileReference; fileEncoding = 4; lastKnownFileType = sourcecode.c.h; path = AFHTTPSessionManager.h; sourceTree = "<group>"; };
		10A9065C1D4EE1B200D13ED9 /* AFHTTPSessionManager.m */ = {isa = PBXFileReference; fileEncoding = 4; lastKnownFileType = sourcecode.c.objc; path = AFHTTPSessionManager.m; sourceTree = "<group>"; };
		10A9065D1D4EE1B200D13ED9 /* AFNetworking.h */ = {isa = PBXFileReference; fileEncoding = 4; lastKnownFileType = sourcecode.c.h; path = AFNetworking.h; sourceTree = "<group>"; };
		10A9065E1D4EE1B200D13ED9 /* AFNetworkReachabilityManager.h */ = {isa = PBXFileReference; fileEncoding = 4; lastKnownFileType = sourcecode.c.h; path = AFNetworkReachabilityManager.h; sourceTree = "<group>"; };
		10A9065F1D4EE1B200D13ED9 /* AFNetworkReachabilityManager.m */ = {isa = PBXFileReference; fileEncoding = 4; lastKnownFileType = sourcecode.c.objc; path = AFNetworkReachabilityManager.m; sourceTree = "<group>"; };
		10A906601D4EE1B200D13ED9 /* AFSecurityPolicy.h */ = {isa = PBXFileReference; fileEncoding = 4; lastKnownFileType = sourcecode.c.h; path = AFSecurityPolicy.h; sourceTree = "<group>"; };
		10A906611D4EE1B200D13ED9 /* AFSecurityPolicy.m */ = {isa = PBXFileReference; fileEncoding = 4; lastKnownFileType = sourcecode.c.objc; path = AFSecurityPolicy.m; sourceTree = "<group>"; };
		10A906621D4EE1B200D13ED9 /* AFURLRequestSerialization.h */ = {isa = PBXFileReference; fileEncoding = 4; lastKnownFileType = sourcecode.c.h; path = AFURLRequestSerialization.h; sourceTree = "<group>"; };
		10A906631D4EE1B200D13ED9 /* AFURLRequestSerialization.m */ = {isa = PBXFileReference; fileEncoding = 4; lastKnownFileType = sourcecode.c.objc; path = AFURLRequestSerialization.m; sourceTree = "<group>"; };
		10A906641D4EE1B200D13ED9 /* AFURLResponseSerialization.h */ = {isa = PBXFileReference; fileEncoding = 4; lastKnownFileType = sourcecode.c.h; path = AFURLResponseSerialization.h; sourceTree = "<group>"; };
		10A906651D4EE1B200D13ED9 /* AFURLResponseSerialization.m */ = {isa = PBXFileReference; fileEncoding = 4; lastKnownFileType = sourcecode.c.objc; path = AFURLResponseSerialization.m; sourceTree = "<group>"; };
		10A906661D4EE1B200D13ED9 /* AFURLSessionManager.h */ = {isa = PBXFileReference; fileEncoding = 4; lastKnownFileType = sourcecode.c.h; path = AFURLSessionManager.h; sourceTree = "<group>"; };
		10A906671D4EE1B200D13ED9 /* AFURLSessionManager.m */ = {isa = PBXFileReference; fileEncoding = 4; lastKnownFileType = sourcecode.c.objc; path = AFURLSessionManager.m; sourceTree = "<group>"; };
		10A906691D4EE1B200D13ED9 /* MKAnnotationView+WebCache.h */ = {isa = PBXFileReference; fileEncoding = 4; lastKnownFileType = sourcecode.c.h; path = "MKAnnotationView+WebCache.h"; sourceTree = "<group>"; };
		10A9066A1D4EE1B200D13ED9 /* MKAnnotationView+WebCache.m */ = {isa = PBXFileReference; fileEncoding = 4; lastKnownFileType = sourcecode.c.objc; path = "MKAnnotationView+WebCache.m"; sourceTree = "<group>"; };
		10A9066B1D4EE1B200D13ED9 /* NSData+ImageContentType.h */ = {isa = PBXFileReference; fileEncoding = 4; lastKnownFileType = sourcecode.c.h; path = "NSData+ImageContentType.h"; sourceTree = "<group>"; };
		10A9066C1D4EE1B200D13ED9 /* NSData+ImageContentType.m */ = {isa = PBXFileReference; fileEncoding = 4; lastKnownFileType = sourcecode.c.objc; path = "NSData+ImageContentType.m"; sourceTree = "<group>"; };
		10A9066D1D4EE1B200D13ED9 /* SDImageCache.h */ = {isa = PBXFileReference; fileEncoding = 4; lastKnownFileType = sourcecode.c.h; path = SDImageCache.h; sourceTree = "<group>"; };
		10A9066E1D4EE1B200D13ED9 /* SDImageCache.m */ = {isa = PBXFileReference; fileEncoding = 4; lastKnownFileType = sourcecode.c.objc; path = SDImageCache.m; sourceTree = "<group>"; };
		10A9066F1D4EE1B200D13ED9 /* SDWebImageCompat.h */ = {isa = PBXFileReference; fileEncoding = 4; lastKnownFileType = sourcecode.c.h; path = SDWebImageCompat.h; sourceTree = "<group>"; };
		10A906701D4EE1B200D13ED9 /* SDWebImageCompat.m */ = {isa = PBXFileReference; fileEncoding = 4; lastKnownFileType = sourcecode.c.objc; path = SDWebImageCompat.m; sourceTree = "<group>"; };
		10A906711D4EE1B200D13ED9 /* SDWebImageDecoder.h */ = {isa = PBXFileReference; fileEncoding = 4; lastKnownFileType = sourcecode.c.h; path = SDWebImageDecoder.h; sourceTree = "<group>"; };
		10A906721D4EE1B200D13ED9 /* SDWebImageDecoder.m */ = {isa = PBXFileReference; fileEncoding = 4; lastKnownFileType = sourcecode.c.objc; path = SDWebImageDecoder.m; sourceTree = "<group>"; };
		10A906731D4EE1B200D13ED9 /* SDWebImageDownloader.h */ = {isa = PBXFileReference; fileEncoding = 4; lastKnownFileType = sourcecode.c.h; path = SDWebImageDownloader.h; sourceTree = "<group>"; };
		10A906741D4EE1B200D13ED9 /* SDWebImageDownloader.m */ = {isa = PBXFileReference; fileEncoding = 4; lastKnownFileType = sourcecode.c.objc; path = SDWebImageDownloader.m; sourceTree = "<group>"; };
		10A906751D4EE1B200D13ED9 /* SDWebImageDownloaderOperation.h */ = {isa = PBXFileReference; fileEncoding = 4; lastKnownFileType = sourcecode.c.h; path = SDWebImageDownloaderOperation.h; sourceTree = "<group>"; };
		10A906761D4EE1B200D13ED9 /* SDWebImageDownloaderOperation.m */ = {isa = PBXFileReference; fileEncoding = 4; lastKnownFileType = sourcecode.c.objc; path = SDWebImageDownloaderOperation.m; sourceTree = "<group>"; };
		10A906771D4EE1B200D13ED9 /* SDWebImageManager.h */ = {isa = PBXFileReference; fileEncoding = 4; lastKnownFileType = sourcecode.c.h; path = SDWebImageManager.h; sourceTree = "<group>"; };
		10A906781D4EE1B200D13ED9 /* SDWebImageManager.m */ = {isa = PBXFileReference; fileEncoding = 4; lastKnownFileType = sourcecode.c.objc; path = SDWebImageManager.m; sourceTree = "<group>"; };
		10A906791D4EE1B200D13ED9 /* SDWebImageOperation.h */ = {isa = PBXFileReference; fileEncoding = 4; lastKnownFileType = sourcecode.c.h; path = SDWebImageOperation.h; sourceTree = "<group>"; };
		10A9067A1D4EE1B200D13ED9 /* SDWebImagePrefetcher.h */ = {isa = PBXFileReference; fileEncoding = 4; lastKnownFileType = sourcecode.c.h; path = SDWebImagePrefetcher.h; sourceTree = "<group>"; };
		10A9067B1D4EE1B200D13ED9 /* SDWebImagePrefetcher.m */ = {isa = PBXFileReference; fileEncoding = 4; lastKnownFileType = sourcecode.c.objc; path = SDWebImagePrefetcher.m; sourceTree = "<group>"; };
		10A9067C1D4EE1B200D13ED9 /* UIButton+WebCache.h */ = {isa = PBXFileReference; fileEncoding = 4; lastKnownFileType = sourcecode.c.h; path = "UIButton+WebCache.h"; sourceTree = "<group>"; };
		10A9067D1D4EE1B200D13ED9 /* UIButton+WebCache.m */ = {isa = PBXFileReference; fileEncoding = 4; lastKnownFileType = sourcecode.c.objc; path = "UIButton+WebCache.m"; sourceTree = "<group>"; };
		10A9067E1D4EE1B200D13ED9 /* UIImage+GIF.h */ = {isa = PBXFileReference; fileEncoding = 4; lastKnownFileType = sourcecode.c.h; path = "UIImage+GIF.h"; sourceTree = "<group>"; };
		10A9067F1D4EE1B200D13ED9 /* UIImage+GIF.m */ = {isa = PBXFileReference; fileEncoding = 4; lastKnownFileType = sourcecode.c.objc; path = "UIImage+GIF.m"; sourceTree = "<group>"; };
		10A906801D4EE1B200D13ED9 /* UIImage+MultiFormat.h */ = {isa = PBXFileReference; fileEncoding = 4; lastKnownFileType = sourcecode.c.h; path = "UIImage+MultiFormat.h"; sourceTree = "<group>"; };
		10A906811D4EE1B200D13ED9 /* UIImage+MultiFormat.m */ = {isa = PBXFileReference; fileEncoding = 4; lastKnownFileType = sourcecode.c.objc; path = "UIImage+MultiFormat.m"; sourceTree = "<group>"; };
		10A906821D4EE1B200D13ED9 /* UIImage+WebP.h */ = {isa = PBXFileReference; fileEncoding = 4; lastKnownFileType = sourcecode.c.h; path = "UIImage+WebP.h"; sourceTree = "<group>"; };
		10A906831D4EE1B200D13ED9 /* UIImage+WebP.m */ = {isa = PBXFileReference; fileEncoding = 4; lastKnownFileType = sourcecode.c.objc; path = "UIImage+WebP.m"; sourceTree = "<group>"; };
		10A906841D4EE1B200D13ED9 /* UIImageView+HighlightedWebCache.h */ = {isa = PBXFileReference; fileEncoding = 4; lastKnownFileType = sourcecode.c.h; path = "UIImageView+HighlightedWebCache.h"; sourceTree = "<group>"; };
		10A906851D4EE1B200D13ED9 /* UIImageView+HighlightedWebCache.m */ = {isa = PBXFileReference; fileEncoding = 4; lastKnownFileType = sourcecode.c.objc; path = "UIImageView+HighlightedWebCache.m"; sourceTree = "<group>"; };
		10A906861D4EE1B200D13ED9 /* UIImageView+WebCache.h */ = {isa = PBXFileReference; fileEncoding = 4; lastKnownFileType = sourcecode.c.h; path = "UIImageView+WebCache.h"; sourceTree = "<group>"; };
		10A906871D4EE1B200D13ED9 /* UIImageView+WebCache.m */ = {isa = PBXFileReference; fileEncoding = 4; lastKnownFileType = sourcecode.c.objc; path = "UIImageView+WebCache.m"; sourceTree = "<group>"; };
		10A906881D4EE1B200D13ED9 /* UIView+WebCacheOperation.h */ = {isa = PBXFileReference; fileEncoding = 4; lastKnownFileType = sourcecode.c.h; path = "UIView+WebCacheOperation.h"; sourceTree = "<group>"; };
		10A906891D4EE1B200D13ED9 /* UIView+WebCacheOperation.m */ = {isa = PBXFileReference; fileEncoding = 4; lastKnownFileType = sourcecode.c.objc; path = "UIView+WebCacheOperation.m"; sourceTree = "<group>"; };
		10A906A01D4EE1F400D13ED9 /* WHTableViewCell.h */ = {isa = PBXFileReference; fileEncoding = 4; lastKnownFileType = sourcecode.c.h; path = WHTableViewCell.h; sourceTree = "<group>"; };
		10A906A11D4EE1F400D13ED9 /* WHTableViewCell.m */ = {isa = PBXFileReference; fileEncoding = 4; lastKnownFileType = sourcecode.c.objc; path = WHTableViewCell.m; sourceTree = "<group>"; };
		10A906A61D4F2D4400D13ED9 /* NSString+path.h */ = {isa = PBXFileReference; fileEncoding = 4; lastKnownFileType = sourcecode.c.h; path = "NSString+path.h"; sourceTree = "<group>"; };
		10A906A71D4F2D4400D13ED9 /* NSString+path.m */ = {isa = PBXFileReference; fileEncoding = 4; lastKnownFileType = sourcecode.c.objc; path = "NSString+path.m"; sourceTree = "<group>"; };
/* End PBXFileReference section */

/* Begin PBXFrameworksBuildPhase section */
		10A9062A1D4EDFBC00D13ED9 /* Frameworks */ = {
			isa = PBXFrameworksBuildPhase;
			buildActionMask = 2147483647;
			files = (
			);
			runOnlyForDeploymentPostprocessing = 0;
		};
/* End PBXFrameworksBuildPhase section */

/* Begin PBXGroup section */
		10A906241D4EDFBC00D13ED9 = {
			isa = PBXGroup;
			children = (
				10A9062F1D4EDFBC00D13ED9 /* 异步下载网络图片 */,
				10A9062E1D4EDFBC00D13ED9 /* Products */,
			);
			sourceTree = "<group>";
		};
		10A9062E1D4EDFBC00D13ED9 /* Products */ = {
			isa = PBXGroup;
			children = (
				10A9062D1D4EDFBC00D13ED9 /* 异步下载网络图片.app */,
			);
			name = Products;
			sourceTree = "<group>";
		};
		10A9062F1D4EDFBC00D13ED9 /* 异步下载网络图片 */ = {
			isa = PBXGroup;
			children = (
				10A906471D4EE0A900D13ED9 /* Classes */,
				10A9064B1D4EE0A900D13ED9 /* Libs */,
				10A9064C1D4EE0A900D13ED9 /* Other */,
				10A906391D4EDFBC00D13ED9 /* Main.storyboard */,
				10A9063C1D4EDFBC00D13ED9 /* Assets.xcassets */,
				10A9063E1D4EDFBC00D13ED9 /* LaunchScreen.storyboard */,
				10A906411D4EDFBD00D13ED9 /* Info.plist */,
				10A906301D4EDFBC00D13ED9 /* Supporting Files */,
			);
			path = "异步下载网络图片";
			sourceTree = "<group>";
		};
		10A906301D4EDFBC00D13ED9 /* Supporting Files */ = {
			isa = PBXGroup;
			children = (
				10A906311D4EDFBC00D13ED9 /* main.m */,
			);
			name = "Supporting Files";
			sourceTree = "<group>";
		};
		10A906471D4EE0A900D13ED9 /* Classes */ = {
			isa = PBXGroup;
			children = (
				10A906481D4EE0A900D13ED9 /* Controller */,
				10A906491D4EE0A900D13ED9 /* Model */,
				10A9064A1D4EE0A900D13ED9 /* View */,
			);
			path = Classes;
			sourceTree = "<group>";
		};
		10A906481D4EE0A900D13ED9 /* Controller */ = {
			isa = PBXGroup;
			children = (
				10A906531D4EE0F100D13ED9 /* WHTableViewController.h */,
				10A906541D4EE0F100D13ED9 /* WHTableViewController.m */,
			);
			path = Controller;
			sourceTree = "<group>";
		};
		10A906491D4EE0A900D13ED9 /* Model */ = {
			isa = PBXGroup;
			children = (
				10A906561D4EE19D00D13ED9 /* WHAppInfo.h */,
				10A906571D4EE19D00D13ED9 /* WHAppInfo.m */,
			);
			path = Model;
			sourceTree = "<group>";
		};
		10A9064A1D4EE0A900D13ED9 /* View */ = {
			isa = PBXGroup;
			children = (
				10A906A01D4EE1F400D13ED9 /* WHTableViewCell.h */,
				10A906A11D4EE1F400D13ED9 /* WHTableViewCell.m */,
			);
			path = View;
			sourceTree = "<group>";
		};
		10A9064B1D4EE0A900D13ED9 /* Libs */ = {
			isa = PBXGroup;
			children = (
				10A906591D4EE1B200D13ED9 /* Libs */,
			);
			path = Libs;
			sourceTree = "<group>";
		};
		10A9064C1D4EE0A900D13ED9 /* Other */ = {
			isa = PBXGroup;
			children = (
				10A9064D1D4EE0A900D13ED9 /* AppDelegate.h */,
				10A9064E1D4EE0A900D13ED9 /* AppDelegate.m */,
			);
			path = Other;
			sourceTree = "<group>";
		};
		10A906591D4EE1B200D13ED9 /* Libs */ = {
			isa = PBXGroup;
			children = (
				10A906A51D4F2D4400D13ED9 /* CachePath */,
				10A9065A1D4EE1B200D13ED9 /* AFNetworking */,
				10A906681D4EE1B200D13ED9 /* SDWebImage */,
			);
			path = Libs;
			sourceTree = "<group>";
		};
		10A9065A1D4EE1B200D13ED9 /* AFNetworking */ = {
			isa = PBXGroup;
			children = (
				10A9065B1D4EE1B200D13ED9 /* AFHTTPSessionManager.h */,
				10A9065C1D4EE1B200D13ED9 /* AFHTTPSessionManager.m */,
				10A9065D1D4EE1B200D13ED9 /* AFNetworking.h */,
				10A9065E1D4EE1B200D13ED9 /* AFNetworkReachabilityManager.h */,
				10A9065F1D4EE1B200D13ED9 /* AFNetworkReachabilityManager.m */,
				10A906601D4EE1B200D13ED9 /* AFSecurityPolicy.h */,
				10A906611D4EE1B200D13ED9 /* AFSecurityPolicy.m */,
				10A906621D4EE1B200D13ED9 /* AFURLRequestSerialization.h */,
				10A906631D4EE1B200D13ED9 /* AFURLRequestSerialization.m */,
				10A906641D4EE1B200D13ED9 /* AFURLResponseSerialization.h */,
				10A906651D4EE1B200D13ED9 /* AFURLResponseSerialization.m */,
				10A906661D4EE1B200D13ED9 /* AFURLSessionManager.h */,
				10A906671D4EE1B200D13ED9 /* AFURLSessionManager.m */,
			);
			path = AFNetworking;
			sourceTree = "<group>";
		};
		10A906681D4EE1B200D13ED9 /* SDWebImage */ = {
			isa = PBXGroup;
			children = (
				10A906691D4EE1B200D13ED9 /* MKAnnotationView+WebCache.h */,
				10A9066A1D4EE1B200D13ED9 /* MKAnnotationView+WebCache.m */,
				10A9066B1D4EE1B200D13ED9 /* NSData+ImageContentType.h */,
				10A9066C1D4EE1B200D13ED9 /* NSData+ImageContentType.m */,
				10A9066D1D4EE1B200D13ED9 /* SDImageCache.h */,
				10A9066E1D4EE1B200D13ED9 /* SDImageCache.m */,
				10A9066F1D4EE1B200D13ED9 /* SDWebImageCompat.h */,
				10A906701D4EE1B200D13ED9 /* SDWebImageCompat.m */,
				10A906711D4EE1B200D13ED9 /* SDWebImageDecoder.h */,
				10A906721D4EE1B200D13ED9 /* SDWebImageDecoder.m */,
				10A906731D4EE1B200D13ED9 /* SDWebImageDownloader.h */,
				10A906741D4EE1B200D13ED9 /* SDWebImageDownloader.m */,
				10A906751D4EE1B200D13ED9 /* SDWebImageDownloaderOperation.h */,
				10A906761D4EE1B200D13ED9 /* SDWebImageDownloaderOperation.m */,
				10A906771D4EE1B200D13ED9 /* SDWebImageManager.h */,
				10A906781D4EE1B200D13ED9 /* SDWebImageManager.m */,
				10A906791D4EE1B200D13ED9 /* SDWebImageOperation.h */,
				10A9067A1D4EE1B200D13ED9 /* SDWebImagePrefetcher.h */,
				10A9067B1D4EE1B200D13ED9 /* SDWebImagePrefetcher.m */,
				10A9067C1D4EE1B200D13ED9 /* UIButton+WebCache.h */,
				10A9067D1D4EE1B200D13ED9 /* UIButton+WebCache.m */,
				10A9067E1D4EE1B200D13ED9 /* UIImage+GIF.h */,
				10A9067F1D4EE1B200D13ED9 /* UIImage+GIF.m */,
				10A906801D4EE1B200D13ED9 /* UIImage+MultiFormat.h */,
				10A906811D4EE1B200D13ED9 /* UIImage+MultiFormat.m */,
				10A906821D4EE1B200D13ED9 /* UIImage+WebP.h */,
				10A906831D4EE1B200D13ED9 /* UIImage+WebP.m */,
				10A906841D4EE1B200D13ED9 /* UIImageView+HighlightedWebCache.h */,
				10A906851D4EE1B200D13ED9 /* UIImageView+HighlightedWebCache.m */,
				10A906861D4EE1B200D13ED9 /* UIImageView+WebCache.h */,
				10A906871D4EE1B200D13ED9 /* UIImageView+WebCache.m */,
				10A906881D4EE1B200D13ED9 /* UIView+WebCacheOperation.h */,
				10A906891D4EE1B200D13ED9 /* UIView+WebCacheOperation.m */,
			);
			path = SDWebImage;
			sourceTree = "<group>";
		};
		10A906A51D4F2D4400D13ED9 /* CachePath */ = {
			isa = PBXGroup;
			children = (
				10A906A61D4F2D4400D13ED9 /* NSString+path.h */,
				10A906A71D4F2D4400D13ED9 /* NSString+path.m */,
			);
			path = CachePath;
			sourceTree = "<group>";
		};
/* End PBXGroup section */

/* Begin PBXNativeTarget section */
		10A9062C1D4EDFBC00D13ED9 /* 异步下载网络图片 */ = {
			isa = PBXNativeTarget;
			buildConfigurationList = 10A906441D4EDFBD00D13ED9 /* Build configuration list for PBXNativeTarget "异步下载网络图片" */;
			buildPhases = (
				10A906291D4EDFBC00D13ED9 /* Sources */,
				10A9062A1D4EDFBC00D13ED9 /* Frameworks */,
				10A9062B1D4EDFBC00D13ED9 /* Resources */,
			);
			buildRules = (
			);
			dependencies = (
			);
			name = "异步下载网络图片";
			productName = "异步下载网络图片";
			productReference = 10A9062D1D4EDFBC00D13ED9 /* 异步下载网络图片.app */;
			productType = "com.apple.product-type.application";
		};
/* End PBXNativeTarget section */

/* Begin PBXProject section */
		10A906251D4EDFBC00D13ED9 /* Project object */ = {
			isa = PBXProject;
			attributes = {
				LastUpgradeCheck = 0730;
				ORGANIZATIONNAME = whong7;
				TargetAttributes = {
					10A9062C1D4EDFBC00D13ED9 = {
						CreatedOnToolsVersion = 7.3;
					};
				};
			};
			buildConfigurationList = 10A906281D4EDFBC00D13ED9 /* Build configuration list for PBXProject "异步下载网络图片" */;
			compatibilityVersion = "Xcode 3.2";
			developmentRegion = English;
			hasScannedForEncodings = 0;
			knownRegions = (
				en,
				Base,
			);
			mainGroup = 10A906241D4EDFBC00D13ED9;
			productRefGroup = 10A9062E1D4EDFBC00D13ED9 /* Products */;
			projectDirPath = "";
			projectRoot = "";
			targets = (
				10A9062C1D4EDFBC00D13ED9 /* 异步下载网络图片 */,
			);
		};
/* End PBXProject section */

/* Begin PBXResourcesBuildPhase section */
		10A9062B1D4EDFBC00D13ED9 /* Resources */ = {
			isa = PBXResourcesBuildPhase;
			buildActionMask = 2147483647;
			files = (
				10A906401D4EDFBC00D13ED9 /* LaunchScreen.storyboard in Resources */,
				10A9063D1D4EDFBC00D13ED9 /* Assets.xcassets in Resources */,
				10A9063B1D4EDFBC00D13ED9 /* Main.storyboard in Resources */,
			);
			runOnlyForDeploymentPostprocessing = 0;
		};
/* End PBXResourcesBuildPhase section */

/* Begin PBXSourcesBuildPhase section */
		10A906291D4EDFBC00D13ED9 /* Sources */ = {
			isa = PBXSourcesBuildPhase;
			buildActionMask = 2147483647;
			files = (
				10A9069A1D4EE1B200D13ED9 /* UIImage+GIF.m in Sources */,
				10A9068D1D4EE1B200D13ED9 /* AFURLRequestSerialization.m in Sources */,
				10A906981D4EE1B200D13ED9 /* SDWebImagePrefetcher.m in Sources */,
				10A906581D4EE19D00D13ED9 /* WHAppInfo.m in Sources */,
				10A906551D4EE0F100D13ED9 /* WHTableViewController.m in Sources */,
				10A906A21D4EE1F400D13ED9 /* WHTableViewCell.m in Sources */,
				10A906911D4EE1B200D13ED9 /* NSData+ImageContentType.m in Sources */,
				10A9064F1D4EE0A900D13ED9 /* AppDelegate.m in Sources */,
				10A9068F1D4EE1B200D13ED9 /* AFURLSessionManager.m in Sources */,
				10A906991D4EE1B200D13ED9 /* UIButton+WebCache.m in Sources */,
				10A906961D4EE1B200D13ED9 /* SDWebImageDownloaderOperation.m in Sources */,
				10A906901D4EE1B200D13ED9 /* MKAnnotationView+WebCache.m in Sources */,
				10A906931D4EE1B200D13ED9 /* SDWebImageCompat.m in Sources */,
				10A9068E1D4EE1B200D13ED9 /* AFURLResponseSerialization.m in Sources */,
				10A906A81D4F2D4400D13ED9 /* NSString+path.m in Sources */,
				10A9069B1D4EE1B200D13ED9 /* UIImage+MultiFormat.m in Sources */,
				10A9069E1D4EE1B200D13ED9 /* UIImageView+WebCache.m in Sources */,
				10A9068B1D4EE1B200D13ED9 /* AFNetworkReachabilityManager.m in Sources */,
				10A9069F1D4EE1B200D13ED9 /* UIView+WebCacheOperation.m in Sources */,
				10A9068C1D4EE1B200D13ED9 /* AFSecurityPolicy.m in Sources */,
				10A9068A1D4EE1B200D13ED9 /* AFHTTPSessionManager.m in Sources */,
				10A906951D4EE1B200D13ED9 /* SDWebImageDownloader.m in Sources */,
				10A9069D1D4EE1B200D13ED9 /* UIImageView+HighlightedWebCache.m in Sources */,
				10A906941D4EE1B200D13ED9 /* SDWebImageDecoder.m in Sources */,
				10A9069C1D4EE1B200D13ED9 /* UIImage+WebP.m in Sources */,
				10A906971D4EE1B200D13ED9 /* SDWebImageManager.m in Sources */,
				10A906321D4EDFBC00D13ED9 /* main.m in Sources */,
				10A906921D4EE1B200D13ED9 /* SDImageCache.m in Sources */,
			);
			runOnlyForDeploymentPostprocessing = 0;
		};
/* End PBXSourcesBuildPhase section */

/* Begin PBXVariantGroup section */
		10A906391D4EDFBC00D13ED9 /* Main.storyboard */ = {
			isa = PBXVariantGroup;
			children = (
				10A9063A1D4EDFBC00D13ED9 /* Base */,
			);
			name = Main.storyboard;
			sourceTree = "<group>";
		};
		10A9063E1D4EDFBC00D13ED9 /* LaunchScreen.storyboard */ = {
			isa = PBXVariantGroup;
			children = (
				10A9063F1D4EDFBC00D13ED9 /* Base */,
			);
			name = LaunchScreen.storyboard;
			sourceTree = "<group>";
		};
/* End PBXVariantGroup section */

/* Begin XCBuildConfiguration section */
		10A906421D4EDFBD00D13ED9 /* Debug */ = {
			isa = XCBuildConfiguration;
			buildSettings = {
				ALWAYS_SEARCH_USER_PATHS = NO;
				CLANG_ANALYZER_NONNULL = YES;
				CLANG_CXX_LANGUAGE_STANDARD = "gnu++0x";
				CLANG_CXX_LIBRARY = "libc++";
				CLANG_ENABLE_MODULES = YES;
				CLANG_ENABLE_OBJC_ARC = YES;
				CLANG_WARN_BOOL_CONVERSION = YES;
				CLANG_WARN_CONSTANT_CONVERSION = YES;
				CLANG_WARN_DIRECT_OBJC_ISA_USAGE = YES_ERROR;
				CLANG_WARN_EMPTY_BODY = YES;
				CLANG_WARN_ENUM_CONVERSION = YES;
				CLANG_WARN_INT_CONVERSION = YES;
				CLANG_WARN_OBJC_ROOT_CLASS = YES_ERROR;
				CLANG_WARN_UNREACHABLE_CODE = YES;
				CLANG_WARN__DUPLICATE_METHOD_MATCH = YES;
				"CODE_SIGN_IDENTITY[sdk=iphoneos*]" = "iPhone Developer";
				COPY_PHASE_STRIP = NO;
				DEBUG_INFORMATION_FORMAT = dwarf;
				ENABLE_STRICT_OBJC_MSGSEND = YES;
				ENABLE_TESTABILITY = YES;
				GCC_C_LANGUAGE_STANDARD = gnu99;
				GCC_DYNAMIC_NO_PIC = NO;
				GCC_NO_COMMON_BLOCKS = YES;
				GCC_OPTIMIZATION_LEVEL = 0;
				GCC_PREPROCESSOR_DEFINITIONS = (
					"DEBUG=1",
					"$(inherited)",
				);
				GCC_WARN_64_TO_32_BIT_CONVERSION = YES;
				GCC_WARN_ABOUT_RETURN_TYPE = YES_ERROR;
				GCC_WARN_UNDECLARED_SELECTOR = YES;
				GCC_WARN_UNINITIALIZED_AUTOS = YES_AGGRESSIVE;
				GCC_WARN_UNUSED_FUNCTION = YES;
				GCC_WARN_UNUSED_VARIABLE = YES;
				IPHONEOS_DEPLOYMENT_TARGET = 9.3;
				MTL_ENABLE_DEBUG_INFO = YES;
				ONLY_ACTIVE_ARCH = YES;
				SDKROOT = iphoneos;
			};
			name = Debug;
		};
		10A906431D4EDFBD00D13ED9 /* Release */ = {
			isa = XCBuildConfiguration;
			buildSettings = {
				ALWAYS_SEARCH_USER_PATHS = NO;
				CLANG_ANALYZER_NONNULL = YES;
				CLANG_CXX_LANGUAGE_STANDARD = "gnu++0x";
				CLANG_CXX_LIBRARY = "libc++";
				CLANG_ENABLE_MODULES = YES;
				CLANG_ENABLE_OBJC_ARC = YES;
				CLANG_WARN_BOOL_CONVERSION = YES;
				CLANG_WARN_CONSTANT_CONVERSION = YES;
				CLANG_WARN_DIRECT_OBJC_ISA_USAGE = YES_ERROR;
				CLANG_WARN_EMPTY_BODY = YES;
				CLANG_WARN_ENUM_CONVERSION = YES;
				CLANG_WARN_INT_CONVERSION = YES;
				CLANG_WARN_OBJC_ROOT_CLASS = YES_ERROR;
				CLANG_WARN_UNREACHABLE_CODE = YES;
				CLANG_WARN__DUPLICATE_METHOD_MATCH = YES;
				"CODE_SIGN_IDENTITY[sdk=iphoneos*]" = "iPhone Developer";
				COPY_PHASE_STRIP = NO;
				DEBUG_INFORMATION_FORMAT = "dwarf-with-dsym";
				ENABLE_NS_ASSERTIONS = NO;
				ENABLE_STRICT_OBJC_MSGSEND = YES;
				GCC_C_LANGUAGE_STANDARD = gnu99;
				GCC_NO_COMMON_BLOCKS = YES;
				GCC_WARN_64_TO_32_BIT_CONVERSION = YES;
				GCC_WARN_ABOUT_RETURN_TYPE = YES_ERROR;
				GCC_WARN_UNDECLARED_SELECTOR = YES;
				GCC_WARN_UNINITIALIZED_AUTOS = YES_AGGRESSIVE;
				GCC_WARN_UNUSED_FUNCTION = YES;
				GCC_WARN_UNUSED_VARIABLE = YES;
				IPHONEOS_DEPLOYMENT_TARGET = 9.3;
				MTL_ENABLE_DEBUG_INFO = NO;
				SDKROOT = iphoneos;
				VALIDATE_PRODUCT = YES;
			};
			name = Release;
		};
		10A906451D4EDFBD00D13ED9 /* Debug */ = {
			isa = XCBuildConfiguration;
			buildSettings = {
				ASSETCATALOG_COMPILER_APPICON_NAME = AppIcon;
				INFOPLIST_FILE = "异步下载网络图片/Info.plist";
				LD_RUNPATH_SEARCH_PATHS = "$(inherited) @executable_path/Frameworks";
				PRODUCT_BUNDLE_IDENTIFIER = "cn.itcast.--------";
				PRODUCT_NAME = "$(TARGET_NAME)";
			};
			name = Debug;
		};
		10A906461D4EDFBD00D13ED9 /* Release */ = {
			isa = XCBuildConfiguration;
			buildSettings = {
				ASSETCATALOG_COMPILER_APPICON_NAME = AppIcon;
				INFOPLIST_FILE = "异步下载网络图片/Info.plist";
				LD_RUNPATH_SEARCH_PATHS = "$(inherited) @executable_path/Frameworks";
				PRODUCT_BUNDLE_IDENTIFIER = "cn.itcast.--------";
				PRODUCT_NAME = "$(TARGET_NAME)";
			};
			name = Release;
		};
/* End XCBuildConfiguration section */

/* Begin XCConfigurationList section */
		10A906281D4EDFBC00D13ED9 /* Build configuration list for PBXProject "异步下载网络图片" */ = {
			isa = XCConfigurationList;
			buildConfigurations = (
				10A906421D4EDFBD00D13ED9 /* Debug */,
				10A906431D4EDFBD00D13ED9 /* Release */,
			);
			defaultConfigurationIsVisible = 0;
			defaultConfigurationName = Release;
		};
		10A906441D4EDFBD00D13ED9 /* Build configuration list for PBXNativeTarget "异步下载网络图片" */ = {
			isa = XCConfigurationList;
			buildConfigurations = (
				10A906451D4EDFBD00D13ED9 /* Debug */,
				10A906461D4EDFBD00D13ED9 /* Release */,
			);
			defaultConfigurationIsVisible = 0;
		};
/* End XCConfigurationList section */
	};
	rootObject = 10A906251D4EDFBC00D13ED9 /* Project object */;
}
